
Microsoft Visual Studio Solution File, Format Version 12.00
# Visual Studio Version 16
VisualStudioVersion = 16.0.31624.102
MinimumVisualStudioVersion = 10.0.40219.1
Project("{FAE04EC0-301F-11D3-BF4B-00C04F79EFBC}") = "INotifyPrppertyChanget_TaskDex", "INotifyPrppertyChanget_TaskDex\INotifyPrppertyChanget_TaskDex.csproj", "{756EF68F-FDB7-4C0B-A6DF-949021EEB72B}"
EndProject
Global
	GlobalSection(SolutionConfigurationPlatforms) = preSolution
		Debug|Any CPU = Debug|Any CPU
		Release|Any CPU = Release|Any CPU
	EndGlobalSection
	GlobalSection(ProjectConfigurationPlatforms) = postSolution
		{756EF68F-FDB7-4C0B-A6DF-949021EEB72B}.Debug|Any CPU.ActiveCfg = Debug|Any CPU
		{756EF68F-FDB7-4C0B-A6DF-949021EEB72B}.Debug|Any CPU.Build.0 = Debug|Any CPU
		{756EF68F-FDB7-4C0B-A6DF-949021EEB72B}.Release|Any CPU.ActiveCfg = Release|Any CPU
		{756EF68F-FDB7-4C0B-A6DF-949021EEB72B}.Release|Any CPU.Build.0 = Release|Any CPU
	EndGlobalSection
	GlobalSection(SolutionProperties) = preSolution
		HideSolutionNode = FALSE
	EndGlobalSection
	GlobalSection(ExtensibilityGlobals) = postSolution
		SolutionGuid = {30066EDA-F302-41F2-A6B8-6A73C5155BEC}
	EndGlobalSection
EndGlobal
